// !$*UTF8*$!
{
	archiveVersion = 1;
	classes = {
	};
	objectVersion = 46;
	objects = {

/* Begin PBXBuildFile section */
		D9AF48B31CF6963D00245DB2 /* main.m in Sources */ = {isa = PBXBuildFile; fileRef = D9AF48B21CF6963D00245DB2 /* main.m */; };
		D9AF48B61CF6963D00245DB2 /* AppDelegate.m in Sources */ = {isa = PBXBuildFile; fileRef = D9AF48B51CF6963D00245DB2 /* AppDelegate.m */; };
		D9AF48B91CF6963D00245DB2 /* ViewController.m in Sources */ = {isa = PBXBuildFile; fileRef = D9AF48B81CF6963D00245DB2 /* ViewController.m */; };
		D9AF48BC1CF6963D00245DB2 /* Main.storyboard in Resources */ = {isa = PBXBuildFile; fileRef = D9AF48BA1CF6963D00245DB2 /* Main.storyboard */; };
		D9AF48BF1CF6963D00245DB2 /* MMBlurDialogView.xcdatamodeld in Sources */ = {isa = PBXBuildFile; fileRef = D9AF48BD1CF6963D00245DB2 /* MMBlurDialogView.xcdatamodeld */; };
		D9AF48C11CF6963D00245DB2 /* Assets.xcassets in Resources */ = {isa = PBXBuildFile; fileRef = D9AF48C01CF6963D00245DB2 /* Assets.xcassets */; };
		D9AF48C41CF6963D00245DB2 /* LaunchScreen.storyboard in Resources */ = {isa = PBXBuildFile; fileRef = D9AF48C21CF6963D00245DB2 /* LaunchScreen.storyboard */; };
		D9AF48CF1CF6963D00245DB2 /* MMBlurDialogViewTests.m in Sources */ = {isa = PBXBuildFile; fileRef = D9AF48CE1CF6963D00245DB2 /* MMBlurDialogViewTests.m */; };
		D9AF48DA1CF6963D00245DB2 /* MMBlurDialogViewUITests.m in Sources */ = {isa = PBXBuildFile; fileRef = D9AF48D91CF6963D00245DB2 /* MMBlurDialogViewUITests.m */; };
		D9AF48EA1CF6965900245DB2 /* MMBlurDialogView.m in Sources */ = {isa = PBXBuildFile; fileRef = D9AF48E91CF6965900245DB2 /* MMBlurDialogView.m */; };
		D9AF48EC1CF697E200245DB2 /* QuartzCore.framework in Frameworks */ = {isa = PBXBuildFile; fileRef = D9AF48EB1CF697E200245DB2 /* QuartzCore.framework */; };
/* End PBXBuildFile section */

/* Begin PBXContainerItemProxy section */
		D9AF48CB1CF6963D00245DB2 /* PBXContainerItemProxy */ = {
			isa = PBXContainerItemProxy;
			containerPortal = D9AF48A61CF6963D00245DB2 /* Project object */;
			proxyType = 1;
			remoteGlobalIDString = D9AF48AD1CF6963D00245DB2;
			remoteInfo = MMBlurDialogView;
		};
		D9AF48D61CF6963D00245DB2 /* PBXContainerItemProxy */ = {
			isa = PBXContainerItemProxy;
			containerPortal = D9AF48A61CF6963D00245DB2 /* Project object */;
			proxyType = 1;
			remoteGlobalIDString = D9AF48AD1CF6963D00245DB2;
			remoteInfo = MMBlurDialogView;
		};
/* End PBXContainerItemProxy section */

/* Begin PBXFileReference section */
		D9AF48AE1CF6963D00245DB2 /* MMBlurDialogView.app */ = {isa = PBXFileReference; explicitFileType = wrapper.application; includeInIndex = 0; path = MMBlurDialogView.app; sourceTree = BUILT_PRODUCTS_DIR; };
		D9AF48B21CF6963D00245DB2 /* main.m */ = {isa = PBXFileReference; lastKnownFileType = sourcecode.c.objc; path = main.m; sourceTree = "<group>"; };
		D9AF48B41CF6963D00245DB2 /* AppDelegate.h */ = {isa = PBXFileReference; lastKnownFileType = sourcecode.c.h; path = AppDelegate.h; sourceTree = "<group>"; };
		D9AF48B51CF6963D00245DB2 /* AppDelegate.m */ = {isa = PBXFileReference; lastKnownFileType = sourcecode.c.objc; path = AppDelegate.m; sourceTree = "<group>"; };
		D9AF48B71CF6963D00245DB2 /* ViewController.h */ = {isa = PBXFileReference; lastKnownFileType = sourcecode.c.h; path = ViewController.h; sourceTree = "<group>"; };
		D9AF48B81CF6963D00245DB2 /* ViewController.m */ = {isa = PBXFileReference; lastKnownFileType = sourcecode.c.objc; path = ViewController.m; sourceTree = "<group>"; };
		D9AF48BB1CF6963D00245DB2 /* Base */ = {isa = PBXFileReference; lastKnownFileType = file.storyboard; name = Base; path = Base.lproj/Main.storyboard; sourceTree = "<group>"; };
		D9AF48BE1CF6963D00245DB2 /* MMBlurDialogView.xcdatamodel */ = {isa = PBXFileReference; lastKnownFileType = wrapper.xcdatamodel; path = MMBlurDialogView.xcdatamodel; sourceTree = "<group>"; };
		D9AF48C01CF6963D00245DB2 /* Assets.xcassets */ = {isa = PBXFileReference; lastKnownFileType = folder.assetcatalog; path = Assets.xcassets; sourceTree = "<group>"; };
		D9AF48C31CF6963D00245DB2 /* Base */ = {isa = PBXFileReference; lastKnownFileType = file.storyboard; name = Base; path = Base.lproj/LaunchScreen.storyboard; sourceTree = "<group>"; };
		D9AF48C51CF6963D00245DB2 /* Info.plist */ = {isa = PBXFileReference; lastKnownFileType = text.plist.xml; path = Info.plist; sourceTree = "<group>"; };
		D9AF48CA1CF6963D00245DB2 /* MMBlurDialogViewTests.xctest */ = {isa = PBXFileReference; explicitFileType = wrapper.cfbundle; includeInIndex = 0; path = MMBlurDialogViewTests.xctest; sourceTree = BUILT_PRODUCTS_DIR; };
		D9AF48CE1CF6963D00245DB2 /* MMBlurDialogViewTests.m */ = {isa = PBXFileReference; lastKnownFileType = sourcecode.c.objc; path = MMBlurDialogViewTests.m; sourceTree = "<group>"; };
		D9AF48D01CF6963D00245DB2 /* Info.plist */ = {isa = PBXFileReference; lastKnownFileType = text.plist.xml; path = Info.plist; sourceTree = "<group>"; };
		D9AF48D51CF6963D00245DB2 /* MMBlurDialogViewUITests.xctest */ = {isa = PBXFileReference; explicitFileType = wrapper.cfbundle; includeInIndex = 0; path = MMBlurDialogViewUITests.xctest; sourceTree = BUILT_PRODUCTS_DIR; };
		D9AF48D91CF6963D00245DB2 /* MMBlurDialogViewUITests.m */ = {isa = PBXFileReference; lastKnownFileType = sourcecode.c.objc; path = MMBlurDialogViewUITests.m; sourceTree = "<group>"; };
		D9AF48DB1CF6963D00245DB2 /* Info.plist */ = {isa = PBXFileReference; lastKnownFileType = text.plist.xml; path = Info.plist; sourceTree = "<group>"; };
		D9AF48E81CF6965900245DB2 /* MMBlurDialogView.h */ = {isa = PBXFileReference; fileEncoding = 4; lastKnownFileType = sourcecode.c.h; path = MMBlurDialogView.h; sourceTree = "<group>"; };
		D9AF48E91CF6965900245DB2 /* MMBlurDialogView.m */ = {isa = PBXFileReference; fileEncoding = 4; lastKnownFileType = sourcecode.c.objc; path = MMBlurDialogView.m; sourceTree = "<group>"; };
		D9AF48EB1CF697E200245DB2 /* QuartzCore.framework */ = {isa = PBXFileReference; lastKnownFileType = wrapper.framework; name = QuartzCore.framework; path = System/Library/Frameworks/QuartzCore.framework; sourceTree = SDKROOT; };
/* End PBXFileReference section */

/* Begin PBXFrameworksBuildPhase section */
		D9AF48AB1CF6963D00245DB2 /* Frameworks */ = {
			isa = PBXFrameworksBuildPhase;
			buildActionMask = 2147483647;
			files = (
				D9AF48EC1CF697E200245DB2 /* QuartzCore.framework in Frameworks */,
			);
			runOnlyForDeploymentPostprocessing = 0;
		};
		D9AF48C71CF6963D00245DB2 /* Frameworks */ = {
			isa = PBXFrameworksBuildPhase;
			buildActionMask = 2147483647;
			files = (
			);
			runOnlyForDeploymentPostprocessing = 0;
		};
		D9AF48D21CF6963D00245DB2 /* Frameworks */ = {
			isa = PBXFrameworksBuildPhase;
			buildActionMask = 2147483647;
			files = (
			);
			runOnlyForDeploymentPostprocessing = 0;
		};
/* End PBXFrameworksBuildPhase section */

/* Begin PBXGroup section */
		D9AF48A51CF6963D00245DB2 = {
			isa = PBXGroup;
			children = (
				D9AF48E71CF6965900245DB2 /* Classes */,
				D9AF48B01CF6963D00245DB2 /* MMBlurDialogView */,
				D9AF48ED1CF6980C00245DB2 /* Framwork */,
				D9AF48CD1CF6963D00245DB2 /* MMBlurDialogViewTests */,
				D9AF48D81CF6963D00245DB2 /* MMBlurDialogViewUITests */,
				D9AF48AF1CF6963D00245DB2 /* Products */,
			);
			sourceTree = "<group>";
		};
		D9AF48AF1CF6963D00245DB2 /* Products */ = {
			isa = PBXGroup;
			children = (
				D9AF48AE1CF6963D00245DB2 /* MMBlurDialogView.app */,
				D9AF48CA1CF6963D00245DB2 /* MMBlurDialogViewTests.xctest */,
				D9AF48D51CF6963D00245DB2 /* MMBlurDialogViewUITests.xctest */,
			);
			name = Products;
			sourceTree = "<group>";
		};
		D9AF48B01CF6963D00245DB2 /* MMBlurDialogView */ = {
			isa = PBXGroup;
			children = (
				D9AF48B41CF6963D00245DB2 /* AppDelegate.h */,
				D9AF48B51CF6963D00245DB2 /* AppDelegate.m */,
				D9AF48B71CF6963D00245DB2 /* ViewController.h */,
				D9AF48B81CF6963D00245DB2 /* ViewController.m */,
				D9AF48BA1CF6963D00245DB2 /* Main.storyboard */,
				D9AF48C01CF6963D00245DB2 /* Assets.xcassets */,
				D9AF48C21CF6963D00245DB2 /* LaunchScreen.storyboard */,
				D9AF48C51CF6963D00245DB2 /* Info.plist */,
				D9AF48BD1CF6963D00245DB2 /* MMBlurDialogView.xcdatamodeld */,
				D9AF48B11CF6963D00245DB2 /* Supporting Files */,
			);
			path = MMBlurDialogView;
			sourceTree = "<group>";
		};
		D9AF48B11CF6963D00245DB2 /* Supporting Files */ = {
			isa = PBXGroup;
			children = (
				D9AF48B21CF6963D00245DB2 /* main.m */,
			);
			name = "Supporting Files";
			sourceTree = "<group>";
		};
		D9AF48CD1CF6963D00245DB2 /* MMBlurDialogViewTests */ = {
			isa = PBXGroup;
			children = (
				D9AF48CE1CF6963D00245DB2 /* MMBlurDialogViewTests.m */,
				D9AF48D01CF6963D00245DB2 /* Info.plist */,
			);
			path = MMBlurDialogViewTests;
			sourceTree = "<group>";
		};
		D9AF48D81CF6963D00245DB2 /* MMBlurDialogViewUITests */ = {
			isa = PBXGroup;
			children = (
				D9AF48D91CF6963D00245DB2 /* MMBlurDialogViewUITests.m */,
				D9AF48DB1CF6963D00245DB2 /* Info.plist */,
			);
			path = MMBlurDialogViewUITests;
			sourceTree = "<group>";
		};
		D9AF48E71CF6965900245DB2 /* Classes */ = {
			isa = PBXGroup;
			children = (
				D9AF48E81CF6965900245DB2 /* MMBlurDialogView.h */,
				D9AF48E91CF6965900245DB2 /* MMBlurDialogView.m */,
			);
			path = Classes;
			sourceTree = "<group>";
		};
		D9AF48ED1CF6980C00245DB2 /* Framwork */ = {
			isa = PBXGroup;
			children = (
				D9AF48EB1CF697E200245DB2 /* QuartzCore.framework */,
			);
			name = Framwork;
			sourceTree = "<group>";
		};
/* End PBXGroup section */

/* Begin PBXNativeTarget section */
		D9AF48AD1CF6963D00245DB2 /* MMBlurDialogView */ = {
			isa = PBXNativeTarget;
			buildConfigurationList = D9AF48DE1CF6963D00245DB2 /* Build configuration list for PBXNativeTarget "MMBlurDialogView" */;
			buildPhases = (
				D9AF48AA1CF6963D00245DB2 /* Sources */,
				D9AF48AB1CF6963D00245DB2 /* Frameworks */,
				D9AF48AC1CF6963D00245DB2 /* Resources */,
			);
			buildRules = (
			);
			dependencies = (
			);
			name = MMBlurDialogView;
			productName = MMBlurDialogView;
			productReference = D9AF48AE1CF6963D00245DB2 /* MMBlurDialogView.app */;
			productType = "com.apple.product-type.application";
		};
		D9AF48C91CF6963D00245DB2 /* MMBlurDialogViewTests */ = {
			isa = PBXNativeTarget;
			buildConfigurationList = D9AF48E11CF6963D00245DB2 /* Build configuration list for PBXNativeTarget "MMBlurDialogViewTests" */;
			buildPhases = (
				D9AF48C61CF6963D00245DB2 /* Sources */,
				D9AF48C71CF6963D00245DB2 /* Frameworks */,
				D9AF48C81CF6963D00245DB2 /* Resources */,
			);
			buildRules = (
			);
			dependencies = (
				D9AF48CC1CF6963D00245DB2 /* PBXTargetDependency */,
			);
			name = MMBlurDialogViewTests;
			productName = MMBlurDialogViewTests;
			productReference = D9AF48CA1CF6963D00245DB2 /* MMBlurDialogViewTests.xctest */;
			productType = "com.apple.product-type.bundle.unit-test";
		};
		D9AF48D41CF6963D00245DB2 /* MMBlurDialogViewUITests */ = {
			isa = PBXNativeTarget;
			buildConfigurationList = D9AF48E41CF6963D00245DB2 /* Build configuration list for PBXNativeTarget "MMBlurDialogViewUITests" */;
			buildPhases = (
				D9AF48D11CF6963D00245DB2 /* Sources */,
				D9AF48D21CF6963D00245DB2 /* Frameworks */,
				D9AF48D31CF6963D00245DB2 /* Resources */,
			);
			buildRules = (
			);
			dependencies = (
				D9AF48D71CF6963D00245DB2 /* PBXTargetDependency */,
			);
			name = MMBlurDialogViewUITests;
			productName = MMBlurDialogViewUITests;
			productReference = D9AF48D51CF6963D00245DB2 /* MMBlurDialogViewUITests.xctest */;
			productType = "com.apple.product-type.bundle.ui-testing";
		};
/* End PBXNativeTarget section */

/* Begin PBXProject section */
		D9AF48A61CF6963D00245DB2 /* Project object */ = {
			isa = PBXProject;
			attributes = {
				LastUpgradeCheck = 0720;
				ORGANIZATIONNAME = MMizogaki;
				TargetAttributes = {
					D9AF48AD1CF6963D00245DB2 = {
						CreatedOnToolsVersion = 7.2;
					};
					D9AF48C91CF6963D00245DB2 = {
						CreatedOnToolsVersion = 7.2;
						TestTargetID = D9AF48AD1CF6963D00245DB2;
					};
					D9AF48D41CF6963D00245DB2 = {
						CreatedOnToolsVersion = 7.2;
						TestTargetID = D9AF48AD1CF6963D00245DB2;
					};
				};
			};
			buildConfigurationList = D9AF48A91CF6963D00245DB2 /* Build configuration list for PBXProject "MMBlurDialogView" */;
			compatibilityVersion = "Xcode 3.2";
			developmentRegion = English;
			hasScannedForEncodings = 0;
			knownRegions = (
				en,
				Base,
			);
			mainGroup = D9AF48A51CF6963D00245DB2;
			productRefGroup = D9AF48AF1CF6963D00245DB2 /* Products */;
			projectDirPath = "";
			projectRoot = "";
			targets = (
				D9AF48AD1CF6963D00245DB2 /* MMBlurDialogView */,
				D9AF48C91CF6963D00245DB2 /* MMBlurDialogViewTests */,
				D9AF48D41CF6963D00245DB2 /* MMBlurDialogViewUITests */,
			);
		};
/* End PBXProject section */

/* Begin PBXResourcesBuildPhase section */
		D9AF48AC1CF6963D00245DB2 /* Resources */ = {
			isa = PBXResourcesBuildPhase;
			buildActionMask = 2147483647;
			files = (
				D9AF48C41CF6963D00245DB2 /* LaunchScreen.storyboard in Resources */,
				D9AF48C11CF6963D00245DB2 /* Assets.xcassets in Resources */,
				D9AF48BC1CF6963D00245DB2 /* Main.storyboard in Resources */,
			);
			runOnlyForDeploymentPostprocessing = 0;
		};
		D9AF48C81CF6963D00245DB2 /* Resources */ = {
			isa = PBXResourcesBuildPhase;
			buildActionMask = 2147483647;
			files = (
			);
			runOnlyForDeploymentPostprocessing = 0;
		};
		D9AF48D31CF6963D00245DB2 /* Resources */ = {
			isa = PBXResourcesBuildPhase;
			buildActionMask = 2147483647;
			files = (
			);
			runOnlyForDeploymentPostprocessing = 0;
		};
/* End PBXResourcesBuildPhase section */

/* Begin PBXSourcesBuildPhase section */
		D9AF48AA1CF6963D00245DB2 /* Sources */ = {
			isa = PBXSourcesBuildPhase;
			buildActionMask = 2147483647;
			files = (
				D9AF48B91CF6963D00245DB2 /* ViewController.m in Sources */,
				D9AF48B61CF6963D00245DB2 /* AppDelegate.m in Sources */,
				D9AF48B31CF6963D00245DB2 /* main.m in Sources */,
				D9AF48EA1CF6965900245DB2 /* MMBlurDialogView.m in Sources */,
				D9AF48BF1CF6963D00245DB2 /* MMBlurDialogView.xcdatamodeld in Sources */,
			);
			runOnlyForDeploymentPostprocessing = 0;
		};
		D9AF48C61CF6963D00245DB2 /* Sources */ = {
			isa = PBXSourcesBuildPhase;
			buildActionMask = 2147483647;
			files = (
				D9AF48CF1CF6963D00245DB2 /* MMBlurDialogViewTests.m in Sources */,
			);
			runOnlyForDeploymentPostprocessing = 0;
		};
		D9AF48D11CF6963D00245DB2 /* Sources */ = {
			isa = PBXSourcesBuildPhase;
			buildActionMask = 2147483647;
			files = (
				D9AF48DA1CF6963D00245DB2 /* MMBlurDialogViewUITests.m in Sources */,
			);
			runOnlyForDeploymentPostprocessing = 0;
		};
/* End PBXSourcesBuildPhase section */

/* Begin PBXTargetDependency section */
		D9AF48CC1CF6963D00245DB2 /* PBXTargetDependency */ = {
			isa = PBXTargetDependency;
			target = D9AF48AD1CF6963D00245DB2 /* MMBlurDialogView */;
			targetProxy = D9AF48CB1CF6963D00245DB2 /* PBXContainerItemProxy */;
		};
		D9AF48D71CF6963D00245DB2 /* PBXTargetDependency */ = {
			isa = PBXTargetDependency;
			target = D9AF48AD1CF6963D00245DB2 /* MMBlurDialogView */;
			targetProxy = D9AF48D61CF6963D00245DB2 /* PBXContainerItemProxy */;
		};
/* End PBXTargetDependency section */

/* Begin PBXVariantGroup section */
		D9AF48BA1CF6963D00245DB2 /* Main.storyboard */ = {
			isa = PBXVariantGroup;
			children = (
				D9AF48BB1CF6963D00245DB2 /* Base */,
			);
			name = Main.storyboard;
			sourceTree = "<group>";
		};
		D9AF48C21CF6963D00245DB2 /* LaunchScreen.storyboard */ = {
			isa = PBXVariantGroup;
			children = (
				D9AF48C31CF6963D00245DB2 /* Base */,
			);
			name = LaunchScreen.storyboard;
			sourceTree = "<group>";
		};
/* End PBXVariantGroup section */

/* Begin XCBuildConfiguration section */
		D9AF48DC1CF6963D00245DB2 /* Debug */ = {
			isa = XCBuildConfiguration;
			buildSettings = {
				ALWAYS_SEARCH_USER_PATHS = NO;
				CLANG_CXX_LANGUAGE_STANDARD = "gnu++0x";
				CLANG_CXX_LIBRARY = "libc++";
				CLANG_ENABLE_MODULES = YES;
				CLANG_ENABLE_OBJC_ARC = YES;
				CLANG_WARN_BOOL_CONVERSION = YES;
				CLANG_WARN_CONSTANT_CONVERSION = YES;
				CLANG_WARN_DIRECT_OBJC_ISA_USAGE = YES_ERROR;
				CLANG_WARN_EMPTY_BODY = YES;
				CLANG_WARN_ENUM_CONVERSION = YES;
				CLANG_WARN_INT_CONVERSION = YES;
				CLANG_WARN_OBJC_ROOT_CLASS = YES_ERROR;
				CLANG_WARN_UNREACHABLE_CODE = YES;
				CLANG_WARN__DUPLICATE_METHOD_MATCH = YES;
				"CODE_SIGN_IDENTITY[sdk=iphoneos*]" = "iPhone Developer";
				COPY_PHASE_STRIP = NO;
				DEBUG_INFORMATION_FORMAT = dwarf;
				ENABLE_STRICT_OBJC_MSGSEND = YES;
				ENABLE_TESTABILITY = YES;
				GCC_C_LANGUAGE_STANDARD = gnu99;
				GCC_DYNAMIC_NO_PIC = NO;
				GCC_NO_COMMON_BLOCKS = YES;
				GCC_OPTIMIZATION_LEVEL = 0;
				GCC_PREPROCESSOR_DEFINITIONS = (
					"DEBUG=1",
					"$(inherited)",
				);
				GCC_WARN_64_TO_32_BIT_CONVERSION = YES;
				GCC_WARN_ABOUT_RETURN_TYPE = YES_ERROR;
				GCC_WARN_UNDECLARED_SELECTOR = YES;
				GCC_WARN_UNINITIALIZED_AUTOS = YES_AGGRESSIVE;
				GCC_WARN_UNUSED_FUNCTION = YES;
				GCC_WARN_UNUSED_VARIABLE = YES;
				IPHONEOS_DEPLOYMENT_TARGET = 9.2;
				MTL_ENABLE_DEBUG_INFO = YES;
				ONLY_ACTIVE_ARCH = YES;
				SDKROOT = iphoneos;
				TARGETED_DEVICE_FAMILY = "1,2";
			};
			name = Debug;
		};
		D9AF48DD1CF6963D00245DB2 /* Release */ = {
			isa = XCBuildConfiguration;
			buildSettings = {
				ALWAYS_SEARCH_USER_PATHS = NO;
				CLANG_CXX_LANGUAGE_STANDARD = "gnu++0x";
				CLANG_CXX_LIBRARY = "libc++";
				CLANG_ENABLE_MODULES = YES;
				CLANG_ENABLE_OBJC_ARC = YES;
				CLANG_WARN_BOOL_CONVERSION = YES;
				CLANG_WARN_CONSTANT_CONVERSION = YES;
				CLANG_WARN_DIRECT_OBJC_ISA_USAGE = YES_ERROR;
				CLANG_WARN_EMPTY_BODY = YES;
				CLANG_WARN_ENUM_CONVERSION = YES;
				CLANG_WARN_INT_CONVERSION = YES;
				CLANG_WARN_OBJC_ROOT_CLASS = YES_ERROR;
				CLANG_WARN_UNREACHABLE_CODE = YES;
				CLANG_WARN__DUPLICATE_METHOD_MATCH = YES;
				"CODE_SIGN_IDENTITY[sdk=iphoneos*]" = "iPhone Developer";
				COPY_PHASE_STRIP = NO;
				DEBUG_INFORMATION_FORMAT = "dwarf-with-dsym";
				ENABLE_NS_ASSERTIONS = NO;
				ENABLE_STRICT_OBJC_MSGSEND = YES;
				GCC_C_LANGUAGE_STANDARD = gnu99;
				GCC_NO_COMMON_BLOCKS = YES;
				GCC_WARN_64_TO_32_BIT_CONVERSION = YES;
				GCC_WARN_ABOUT_RETURN_TYPE = YES_ERROR;
				GCC_WARN_UNDECLARED_SELECTOR = YES;
				GCC_WARN_UNINITIALIZED_AUTOS = YES_AGGRESSIVE;
				GCC_WARN_UNUSED_FUNCTION = YES;
				GCC_WARN_UNUSED_VARIABLE = YES;
				IPHONEOS_DEPLOYMENT_TARGET = 9.2;
				MTL_ENABLE_DEBUG_INFO = NO;
				SDKROOT = iphoneos;
				TARGETED_DEVICE_FAMILY = "1,2";
				VALIDATE_PRODUCT = YES;
			};
			name = Release;
		};
		D9AF48DF1CF6963D00245DB2 /* Debug */ = {
			isa = XCBuildConfiguration;
			buildSettings = {
				ASSETCATALOG_COMPILER_APPICON_NAME = AppIcon;
				INFOPLIST_FILE = MMBlurDialogView/Info.plist;
				LD_RUNPATH_SEARCH_PATHS = "$(inherited) @executable_path/Frameworks";
				PRODUCT_BUNDLE_IDENTIFIER = com.github.MMBlurDialogView;
				PRODUCT_NAME = "$(TARGET_NAME)";
			};
			name = Debug;
		};
		D9AF48E01CF6963D00245DB2 /* Release */ = {
			isa = XCBuildConfiguration;
			buildSettings = {
				ASSETCATALOG_COMPILER_APPICON_NAME = AppIcon;
				INFOPLIST_FILE = MMBlurDialogView/Info.plist;
				LD_RUNPATH_SEARCH_PATHS = "$(inherited) @executable_path/Frameworks";
				PRODUCT_BUNDLE_IDENTIFIER = com.github.MMBlurDialogView;
				PRODUCT_NAME = "$(TARGET_NAME)";
			};
			name = Release;
		};
		D9AF48E21CF6963D00245DB2 /* Debug */ = {
			isa = XCBuildConfiguration;
			buildSettings = {
				BUNDLE_LOADER = "$(TEST_HOST)";
				INFOPLIST_FILE = MMBlurDialogViewTests/Info.plist;
				LD_RUNPATH_SEARCH_PATHS = "$(inherited) @executable_path/Frameworks @loader_path/Frameworks";
				PRODUCT_BUNDLE_IDENTIFIER = com.github.MMBlurDialogViewTests;
				PRODUCT_NAME = "$(TARGET_NAME)";
				TEST_HOST = "$(BUILT_PRODUCTS_DIR)/MMBlurDialogView.app/MMBlurDialogView";
			};
			name = Debug;
		};
		D9AF48E31CF6963D00245DB2 /* Release */ = {
			isa = XCBuildConfiguration;
			buildSettings = {
				BUNDLE_LOADER = "$(TEST_HOST)";
				INFOPLIST_FILE = MMBlurDialogViewTests/Info.plist;
				LD_RUNPATH_SEARCH_PATHS = "$(inherited) @executable_path/Frameworks @loader_path/Frameworks";
				PRODUCT_BUNDLE_IDENTIFIER = com.github.MMBlurDialogViewTests;
				PRODUCT_NAME = "$(TARGET_NAME)";
				TEST_HOST = "$(BUILT_PRODUCTS_DIR)/MMBlurDialogView.app/MMBlurDialogView";
			};
			name = Release;
		};
		D9AF48E51CF6963D00245DB2 /* Debug */ = {
			isa = XCBuildConfiguration;
			buildSettings = {
				INFOPLIST_FILE = MMBlurDialogViewUITests/Info.plist;
				LD_RUNPATH_SEARCH_PATHS = "$(inherited) @executable_path/Frameworks @loader_path/Frameworks";
				PRODUCT_BUNDLE_IDENTIFIER = com.github.MMBlurDialogViewUITests;
				PRODUCT_NAME = "$(TARGET_NAME)";
				TEST_TARGET_NAME = MMBlurDialogView;
				USES_XCTRUNNER = YES;
			};
			name = Debug;
		};
		D9AF48E61CF6963D00245DB2 /* Release */ = {
			isa = XCBuildConfiguration;
			buildSettings = {
				INFOPLIST_FILE = MMBlurDialogViewUITests/Info.plist;
				LD_RUNPATH_SEARCH_PATHS = "$(inherited) @executable_path/Frameworks @loader_path/Frameworks";
				PRODUCT_BUNDLE_IDENTIFIER = com.github.MMBlurDialogViewUITests;
				PRODUCT_NAME = "$(TARGET_NAME)";
				TEST_TARGET_NAME = MMBlurDialogView;
				USES_XCTRUNNER = YES;
			};
			name = Release;
		};
/* End XCBuildConfiguration section */

/* Begin XCConfigurationList section */
		D9AF48A91CF6963D00245DB2 /* Build configuration list for PBXProject "MMBlurDialogView" */ = {
			isa = XCConfigurationList;
			buildConfigurations = (
				D9AF48DC1CF6963D00245DB2 /* Debug */,
				D9AF48DD1CF6963D00245DB2 /* Release */,
			);
			defaultConfigurationIsVisible = 0;
			defaultConfigurationName = Release;
		};
		D9AF48DE1CF6963D00245DB2 /* Build configuration list for PBXNativeTarget "MMBlurDialogView" */ = {
			isa = XCConfigurationList;
			buildConfigurations = (
				D9AF48DF1CF6963D00245DB2 /* Debug */,
				D9AF48E01CF6963D00245DB2 /* Release */,
			);
			defaultConfigurationIsVisible = 0;
		};
		D9AF48E11CF6963D00245DB2 /* Build configuration list for PBXNativeTarget "MMBlurDialogViewTests" */ = {
			isa = XCConfigurationList;
			buildConfigurations = (
				D9AF48E21CF6963D00245DB2 /* Debug */,
				D9AF48E31CF6963D00245DB2 /* Release */,
			);
			defaultConfigurationIsVisible = 0;
		};
		D9AF48E41CF6963D00245DB2 /* Build configuration list for PBXNativeTarget "MMBlurDialogViewUITests" */ = {
			isa = XCConfigurationList;
			buildConfigurations = (
				D9AF48E51CF6963D00245DB2 /* Debug */,
				D9AF48E61CF6963D00245DB2 /* Release */,
			);
			defaultConfigurationIsVisible = 0;
		};
/* End XCConfigurationList section */

/* Begin XCVersionGroup section */
		D9AF48BD1CF6963D00245DB2 /* MMBlurDialogView.xcdatamodeld */ = {
			isa = XCVersionGroup;
			children = (
				D9AF48BE1CF6963D00245DB2 /* MMBlurDialogView.xcdatamodel */,
			);
			currentVersion = D9AF48BE1CF6963D00245DB2 /* MMBlurDialogView.xcdatamodel */;
			path = MMBlurDialogView.xcdatamodeld;
			sourceTree = "<group>";
			versionGroupType = wrapper.xcdatamodel;
		};
/* End XCVersionGroup section */
	};
	rootObject = D9AF48A61CF6963D00245DB2 /* Project object */;
}
